
Microsoft Visual Studio Solution File, Format Version 12.00
# Visual Studio Version 16
VisualStudioVersion = 16.0.30503.244
MinimumVisualStudioVersion = 10.0.40219.1
Project("{FAE04EC0-301F-11D3-BF4B-00C04F79EFBC}") = "EarlyBirdApp.Android", "EarlyBirdApp\EarlyBirdApp.Android\EarlyBirdApp.Android.csproj", "{C2B75A35-2CD1-40A4-9C33-30C9B0BC58EB}"
EndProject
Project("{FAE04EC0-301F-11D3-BF4B-00C04F79EFBC}") = "EarlyBirdApp.iOS", "EarlyBirdApp\EarlyBirdApp.iOS\EarlyBirdApp.iOS.csproj", "{4686278D-E67A-48DE-AFBD-4DE00A46A305}"
EndProject
Project("{FAE04EC0-301F-11D3-BF4B-00C04F79EFBC}") = "EarlyBirdApp", "EarlyBirdApp\EarlyBirdApp\EarlyBirdApp.csproj", "{2FF7987A-6E68-437E-8380-D83CB2F79556}"
EndProject
Global
	GlobalSection(SolutionConfigurationPlatforms) = preSolution
		Debug|Any CPU = Debug|Any CPU
		Debug|iPhone = Debug|iPhone
		Debug|iPhoneSimulator = Debug|iPhoneSimulator
		Release|Any CPU = Release|Any CPU
		Release|iPhone = Release|iPhone
		Release|iPhoneSimulator = Release|iPhoneSimulator
	EndGlobalSection
	GlobalSection(ProjectConfigurationPlatforms) = postSolution
		{C2B75A35-2CD1-40A4-9C33-30C9B0BC58EB}.Debug|Any CPU.ActiveCfg = Debug|Any CPU
		{C2B75A35-2CD1-40A4-9C33-30C9B0BC58EB}.Debug|Any CPU.Build.0 = Debug|Any CPU
		{C2B75A35-2CD1-40A4-9C33-30C9B0BC58EB}.Debug|Any CPU.Deploy.0 = Debug|Any CPU
		{C2B75A35-2CD1-40A4-9C33-30C9B0BC58EB}.Debug|iPhone.ActiveCfg = Debug|Any CPU
		{C2B75A35-2CD1-40A4-9C33-30C9B0BC58EB}.Debug|iPhone.Build.0 = Debug|Any CPU
		{C2B75A35-2CD1-40A4-9C33-30C9B0BC58EB}.Debug|iPhone.Deploy.0 = Debug|Any CPU
		{C2B75A35-2CD1-40A4-9C33-30C9B0BC58EB}.Debug|iPhoneSimulator.ActiveCfg = Debug|Any CPU
		{C2B75A35-2CD1-40A4-9C33-30C9B0BC58EB}.Debug|iPhoneSimulator.Build.0 = Debug|Any CPU
		{C2B75A35-2CD1-40A4-9C33-30C9B0BC58EB}.Debug|iPhoneSimulator.Deploy.0 = Debug|Any CPU
		{C2B75A35-2CD1-40A4-9C33-30C9B0BC58EB}.Release|Any CPU.ActiveCfg = Release|Any CPU
		{C2B75A35-2CD1-40A4-9C33-30C9B0BC58EB}.Release|Any CPU.Build.0 = Release|Any CPU
		{C2B75A35-2CD1-40A4-9C33-30C9B0BC58EB}.Release|Any CPU.Deploy.0 = Release|Any CPU
		{C2B75A35-2CD1-40A4-9C33-30C9B0BC58EB}.Release|iPhone.ActiveCfg = Release|Any CPU
		{C2B75A35-2CD1-40A4-9C33-30C9B0BC58EB}.Release|iPhone.Build.0 = Release|Any CPU
		{C2B75A35-2CD1-40A4-9C33-30C9B0BC58EB}.Release|iPhone.Deploy.0 = Release|Any CPU
		{C2B75A35-2CD1-40A4-9C33-30C9B0BC58EB}.Release|iPhoneSimulator.ActiveCfg = Release|Any CPU
		{C2B75A35-2CD1-40A4-9C33-30C9B0BC58EB}.Release|iPhoneSimulator.Build.0 = Release|Any CPU
		{C2B75A35-2CD1-40A4-9C33-30C9B0BC58EB}.Release|iPhoneSimulator.Deploy.0 = Release|Any CPU
		{4686278D-E67A-48DE-AFBD-4DE00A46A305}.Debug|Any CPU.ActiveCfg = Debug|iPhone
		{4686278D-E67A-48DE-AFBD-4DE00A46A305}.Debug|Any CPU.Build.0 = Debug|iPhone
		{4686278D-E67A-48DE-AFBD-4DE00A46A305}.Debug|Any CPU.Deploy.0 = Debug|iPhone
		{4686278D-E67A-48DE-AFBD-4DE00A46A305}.Debug|iPhone.ActiveCfg = Debug|iPhone
		{4686278D-E67A-48DE-AFBD-4DE00A46A305}.Debug|iPhone.Build.0 = Debug|iPhone
		{4686278D-E67A-48DE-AFBD-4DE00A46A305}.Debug|iPhone.Deploy.0 = Debug|iPhone
		{4686278D-E67A-48DE-AFBD-4DE00A46A305}.Debug|iPhoneSimulator.ActiveCfg = Debug|iPhoneSimulator
		{4686278D-E67A-48DE-AFBD-4DE00A46A305}.Debug|iPhoneSimulator.Build.0 = Debug|iPhoneSimulator
		{4686278D-E67A-48DE-AFBD-4DE00A46A305}.Debug|iPhoneSimulator.Deploy.0 = Debug|iPhoneSimulator
		{4686278D-E67A-48DE-AFBD-4DE00A46A305}.Release|Any CPU.ActiveCfg = Release|iPhoneSimulator
		{4686278D-E67A-48DE-AFBD-4DE00A46A305}.Release|Any CPU.Build.0 = Release|iPhoneSimulator
		{4686278D-E67A-48DE-AFBD-4DE00A46A305}.Release|Any CPU.Deploy.0 = Release|iPhoneSimulator
		{4686278D-E67A-48DE-AFBD-4DE00A46A305}.Release|iPhone.ActiveCfg = Release|iPhone
		{4686278D-E67A-48DE-AFBD-4DE00A46A305}.Release|iPhone.Build.0 = Release|iPhone
		{4686278D-E67A-48DE-AFBD-4DE00A46A305}.Release|iPhone.Deploy.0 = Release|iPhone
		{4686278D-E67A-48DE-AFBD-4DE00A46A305}.Release|iPhoneSimulator.ActiveCfg = Release|iPhoneSimulator
		{4686278D-E67A-48DE-AFBD-4DE00A46A305}.Release|iPhoneSimulator.Build.0 = Release|iPhoneSimulator
		{4686278D-E67A-48DE-AFBD-4DE00A46A305}.Release|iPhoneSimulator.Deploy.0 = Release|iPhoneSimulator
		{2FF7987A-6E68-437E-8380-D83CB2F79556}.Debug|Any CPU.ActiveCfg = Debug|Any CPU
		{2FF7987A-6E68-437E-8380-D83CB2F79556}.Debug|Any CPU.Build.0 = Debug|Any CPU
		{2FF7987A-6E68-437E-8380-D83CB2F79556}.Debug|Any CPU.Deploy.0 = Debug|Any CPU
		{2FF7987A-6E68-437E-8380-D83CB2F79556}.Debug|iPhone.ActiveCfg = Debug|Any CPU
		{2FF7987A-6E68-437E-8380-D83CB2F79556}.Debug|iPhone.Build.0 = Debug|Any CPU
		{2FF7987A-6E68-437E-8380-D83CB2F79556}.Debug|iPhone.Deploy.0 = Debug|Any CPU
		{2FF7987A-6E68-437E-8380-D83CB2F79556}.Debug|iPhoneSimulator.ActiveCfg = Debug|Any CPU
		{2FF7987A-6E68-437E-8380-D83CB2F79556}.Debug|iPhoneSimulator.Build.0 = Debug|Any CPU
		{2FF7987A-6E68-437E-8380-D83CB2F79556}.Debug|iPhoneSimulator.Deploy.0 = Debug|Any CPU
		{2FF7987A-6E68-437E-8380-D83CB2F79556}.Release|Any CPU.ActiveCfg = Release|Any CPU
		{2FF7987A-6E68-437E-8380-D83CB2F79556}.Release|Any CPU.Build.0 = Release|Any CPU
		{2FF7987A-6E68-437E-8380-D83CB2F79556}.Release|Any CPU.Deploy.0 = Release|Any CPU
		{2FF7987A-6E68-437E-8380-D83CB2F79556}.Release|iPhone.ActiveCfg = Release|Any CPU
		{2FF7987A-6E68-437E-8380-D83CB2F79556}.Release|iPhone.Build.0 = Release|Any CPU
		{2FF7987A-6E68-437E-8380-D83CB2F79556}.Release|iPhone.Deploy.0 = Release|Any CPU
		{2FF7987A-6E68-437E-8380-D83CB2F79556}.Release|iPhoneSimulator.ActiveCfg = Release|Any CPU
		{2FF7987A-6E68-437E-8380-D83CB2F79556}.Release|iPhoneSimulator.Build.0 = Release|Any CPU
		{2FF7987A-6E68-437E-8380-D83CB2F79556}.Release|iPhoneSimulator.Deploy.0 = Release|Any CPU
	EndGlobalSection
	GlobalSection(SolutionProperties) = preSolution
		HideSolutionNode = FALSE
	EndGlobalSection
	GlobalSection(ExtensibilityGlobals) = postSolution
		SolutionGuid = {DAEF2FD9-0761-4B79-AEC0-33B74DF2EE8F}
	EndGlobalSection
EndGlobal
